// !$*UTF8*$!
{
	archiveVersion = 1;
	classes = {
	};
	objectVersion = 48;
	objects = {

/* Begin PBXBuildFile section */
		62A76165CCDD3BB08D70B8FC /* Pods_WardrobeApp.framework in Frameworks */ = {isa = PBXBuildFile; fileRef = 09BDD77CDD126082D5A81733 /* Pods_WardrobeApp.framework */; };
		B826F49C1FDEDF8F0035F1D1 /* Observable.swift in Sources */ = {isa = PBXBuildFile; fileRef = B826F49B1FDEDF8F0035F1D1 /* Observable.swift */; };
		B826F49E1FDEDFAF0035F1D1 /* Error.swift in Sources */ = {isa = PBXBuildFile; fileRef = B826F49D1FDEDFAF0035F1D1 /* Error.swift */; };
		B826F4A01FDEDFC90035F1D1 /* ForecastDateTime.swift in Sources */ = {isa = PBXBuildFile; fileRef = B826F49F1FDEDFC90035F1D1 /* ForecastDateTime.swift */; };
		B826F4A31FDEDFFA0035F1D1 /* WeatherViewModel.swift in Sources */ = {isa = PBXBuildFile; fileRef = B826F4A21FDEDFFA0035F1D1 /* WeatherViewModel.swift */; };
		B826F4A51FDEE01B0035F1D1 /* homeViewController.swift in Sources */ = {isa = PBXBuildFile; fileRef = B826F4A41FDEE01B0035F1D1 /* homeViewController.swift */; };
		B826F4A81FDEE04C0035F1D1 /* Weather.swift in Sources */ = {isa = PBXBuildFile; fileRef = B826F4A71FDEE04C0035F1D1 /* Weather.swift */; };
		B826F4AA1FDEE0610035F1D1 /* Temperature.swift in Sources */ = {isa = PBXBuildFile; fileRef = B826F4A91FDEE0610035F1D1 /* Temperature.swift */; };
		B826F4AC1FDEE0790035F1D1 /* TemperatureConverter.swift in Sources */ = {isa = PBXBuildFile; fileRef = B826F4AB1FDEE0790035F1D1 /* TemperatureConverter.swift */; };
		B826F4AE1FDEE0980035F1D1 /* WeatherIcons.swift in Sources */ = {isa = PBXBuildFile; fileRef = B826F4AD1FDEE0980035F1D1 /* WeatherIcons.swift */; };
		B826F4B01FDEE0AF0035F1D1 /* WeatherBuilder.swift in Sources */ = {isa = PBXBuildFile; fileRef = B826F4AF1FDEE0AF0035F1D1 /* WeatherBuilder.swift */; };
		B826F4B31FDEE0E70035F1D1 /* LocationService.swift in Sources */ = {isa = PBXBuildFile; fileRef = B826F4B21FDEE0E70035F1D1 /* LocationService.swift */; };
		B826F4B51FDEE0FD0035F1D1 /* WeatherServiceProtocol.swift in Sources */ = {isa = PBXBuildFile; fileRef = B826F4B41FDEE0FD0035F1D1 /* WeatherServiceProtocol.swift */; };
		B826F4B71FDEE10F0035F1D1 /* OpenWeatherMapService.swift in Sources */ = {isa = PBXBuildFile; fileRef = B826F4B61FDEE10F0035F1D1 /* OpenWeatherMapService.swift */; };
		B826F4BA1FDEE1580035F1D1 /* ForecastView.swift in Sources */ = {isa = PBXBuildFile; fileRef = B826F4B91FDEE1580035F1D1 /* ForecastView.swift */; };
		B826F4BC1FDEE1660035F1D1 /* ForecastView.xib in Resources */ = {isa = PBXBuildFile; fileRef = B826F4BB1FDEE1660035F1D1 /* ForecastView.xib */; };
		B826F4BE1FDEE1970035F1D1 /* ForecastViewModel.swift in Sources */ = {isa = PBXBuildFile; fileRef = B826F4BD1FDEE1970035F1D1 /* ForecastViewModel.swift */; };
		B826F4C01FDEE1B00035F1D1 /* Forecast.swift in Sources */ = {isa = PBXBuildFile; fileRef = B826F4BF1FDEE1B00035F1D1 /* Forecast.swift */; };
		B826F4C41FDEE45C0035F1D1 /* weathericons-regular-webfont.ttf in Resources */ = {isa = PBXBuildFile; fileRef = B826F4C31FDEE45C0035F1D1 /* weathericons-regular-webfont.ttf */; };
		B8D1510F1FEA8F15008D9A1A /* ForecastMessage.swift in Sources */ = {isa = PBXBuildFile; fileRef = B8D1510E1FEA8F15008D9A1A /* ForecastMessage.swift */; };
		BA08989C1FCC7154000B6383 /* AppDelegate.swift in Sources */ = {isa = PBXBuildFile; fileRef = BA08989B1FCC7154000B6383 /* AppDelegate.swift */; };
		BA0898A11FCC7154000B6383 /* Main.storyboard in Resources */ = {isa = PBXBuildFile; fileRef = BA08989F1FCC7154000B6383 /* Main.storyboard */; };
		BA0898A31FCC7154000B6383 /* Assets.xcassets in Resources */ = {isa = PBXBuildFile; fileRef = BA0898A21FCC7154000B6383 /* Assets.xcassets */; };
		BA0898A61FCC7154000B6383 /* LaunchScreen.storyboard in Resources */ = {isa = PBXBuildFile; fileRef = BA0898A41FCC7154000B6383 /* LaunchScreen.storyboard */; };
		BF310F981FE9B04B00F9B52C /* WDCalendarManager.swift in Sources */ = {isa = PBXBuildFile; fileRef = BF310F971FE9B04B00F9B52C /* WDCalendarManager.swift */; };
		BF310F9A1FE9B2CD00F9B52C /* ProfileViewController.swift in Sources */ = {isa = PBXBuildFile; fileRef = BF310F991FE9B2CD00F9B52C /* ProfileViewController.swift */; };
		BF310F9D1FE9B4A900F9B52C /* WDTabBarViewController.swift in Sources */ = {isa = PBXBuildFile; fileRef = BF310F9C1FE9B4A900F9B52C /* WDTabBarViewController.swift */; };
		BF661C321FF1AC960081F345 /* WDHelperManager.swift in Sources */ = {isa = PBXBuildFile; fileRef = BF661C311FF1AC960081F345 /* WDHelperManager.swift */; };
		BF9AE9701FF2FE7D00E09345 /* CalendarModel.swift in Sources */ = {isa = PBXBuildFile; fileRef = BF9AE96F1FF2FE7D00E09345 /* CalendarModel.swift */; };
		BF9AE9771FF312B700E09345 /* NotificationCenter.framework in Frameworks */ = {isa = PBXBuildFile; fileRef = BF9AE9761FF312B700E09345 /* NotificationCenter.framework */; };
		BF9AE97A1FF312B700E09345 /* TodayViewController.swift in Sources */ = {isa = PBXBuildFile; fileRef = BF9AE9791FF312B700E09345 /* TodayViewController.swift */; };
		BF9AE97D1FF312B700E09345 /* MainInterface.storyboard in Resources */ = {isa = PBXBuildFile; fileRef = BF9AE97B1FF312B700E09345 /* MainInterface.storyboard */; };
		BF9AE9811FF312B700E09345 /* wardrobe.appex in Embed App Extensions */ = {isa = PBXBuildFile; fileRef = BF9AE9751FF312B700E09345 /* wardrobe.appex */; settings = {ATTRIBUTES = (RemoveHeadersOnCopy, ); }; };
		BF9AE98F1FF32EE300E09345 /* UserModel.swift in Sources */ = {isa = PBXBuildFile; fileRef = BF9AE98E1FF32EE300E09345 /* UserModel.swift */; };
/* End PBXBuildFile section */

/* Begin PBXContainerItemProxy section */
		BF9AE97F1FF312B700E09345 /* PBXContainerItemProxy */ = {
			isa = PBXContainerItemProxy;
			containerPortal = BA0898901FCC7154000B6383 /* Project object */;
			proxyType = 1;
			remoteGlobalIDString = BF9AE9741FF312B700E09345;
			remoteInfo = wardrobe;
		};
/* End PBXContainerItemProxy section */

/* Begin PBXCopyFilesBuildPhase section */
		BF9AE9851FF312B700E09345 /* Embed App Extensions */ = {
			isa = PBXCopyFilesBuildPhase;
			buildActionMask = 2147483647;
			dstPath = "";
			dstSubfolderSpec = 13;
			files = (
				BF9AE9811FF312B700E09345 /* wardrobe.appex in Embed App Extensions */,
			);
			name = "Embed App Extensions";
			runOnlyForDeploymentPostprocessing = 0;
		};
/* End PBXCopyFilesBuildPhase section */

/* Begin PBXFileReference section */
		09BDD77CDD126082D5A81733 /* Pods_WardrobeApp.framework */ = {isa = PBXFileReference; explicitFileType = wrapper.framework; includeInIndex = 0; path = Pods_WardrobeApp.framework; sourceTree = BUILT_PRODUCTS_DIR; };
		B786F1580E32F59802B8C231 /* Pods-WardrobeApp.release.xcconfig */ = {isa = PBXFileReference; includeInIndex = 1; lastKnownFileType = text.xcconfig; name = "Pods-WardrobeApp.release.xcconfig"; path = "Pods/Target Support Files/Pods-WardrobeApp/Pods-WardrobeApp.release.xcconfig"; sourceTree = "<group>"; };
		B826F49B1FDEDF8F0035F1D1 /* Observable.swift */ = {isa = PBXFileReference; lastKnownFileType = sourcecode.swift; path = Observable.swift; sourceTree = "<group>"; };
		B826F49D1FDEDFAF0035F1D1 /* Error.swift */ = {isa = PBXFileReference; lastKnownFileType = sourcecode.swift; path = Error.swift; sourceTree = "<group>"; };
		B826F49F1FDEDFC90035F1D1 /* ForecastDateTime.swift */ = {isa = PBXFileReference; lastKnownFileType = sourcecode.swift; path = ForecastDateTime.swift; sourceTree = "<group>"; };
		B826F4A21FDEDFFA0035F1D1 /* WeatherViewModel.swift */ = {isa = PBXFileReference; lastKnownFileType = sourcecode.swift; path = WeatherViewModel.swift; sourceTree = "<group>"; };
		B826F4A41FDEE01B0035F1D1 /* homeViewController.swift */ = {isa = PBXFileReference; lastKnownFileType = sourcecode.swift; path = homeViewController.swift; sourceTree = "<group>"; };
		B826F4A71FDEE04C0035F1D1 /* Weather.swift */ = {isa = PBXFileReference; lastKnownFileType = sourcecode.swift; path = Weather.swift; sourceTree = "<group>"; };
		B826F4A91FDEE0610035F1D1 /* Temperature.swift */ = {isa = PBXFileReference; lastKnownFileType = sourcecode.swift; path = Temperature.swift; sourceTree = "<group>"; };
		B826F4AB1FDEE0790035F1D1 /* TemperatureConverter.swift */ = {isa = PBXFileReference; lastKnownFileType = sourcecode.swift; path = TemperatureConverter.swift; sourceTree = "<group>"; };
		B826F4AD1FDEE0980035F1D1 /* WeatherIcons.swift */ = {isa = PBXFileReference; lastKnownFileType = sourcecode.swift; path = WeatherIcons.swift; sourceTree = "<group>"; };
		B826F4AF1FDEE0AF0035F1D1 /* WeatherBuilder.swift */ = {isa = PBXFileReference; lastKnownFileType = sourcecode.swift; path = WeatherBuilder.swift; sourceTree = "<group>"; };
		B826F4B21FDEE0E70035F1D1 /* LocationService.swift */ = {isa = PBXFileReference; lastKnownFileType = sourcecode.swift; path = LocationService.swift; sourceTree = "<group>"; };
		B826F4B41FDEE0FD0035F1D1 /* WeatherServiceProtocol.swift */ = {isa = PBXFileReference; lastKnownFileType = sourcecode.swift; path = WeatherServiceProtocol.swift; sourceTree = "<group>"; };
		B826F4B61FDEE10F0035F1D1 /* OpenWeatherMapService.swift */ = {isa = PBXFileReference; lastKnownFileType = sourcecode.swift; path = OpenWeatherMapService.swift; sourceTree = "<group>"; };
		B826F4B91FDEE1580035F1D1 /* ForecastView.swift */ = {isa = PBXFileReference; lastKnownFileType = sourcecode.swift; path = ForecastView.swift; sourceTree = "<group>"; };
		B826F4BB1FDEE1660035F1D1 /* ForecastView.xib */ = {isa = PBXFileReference; lastKnownFileType = file.xib; path = ForecastView.xib; sourceTree = "<group>"; };
		B826F4BD1FDEE1970035F1D1 /* ForecastViewModel.swift */ = {isa = PBXFileReference; lastKnownFileType = sourcecode.swift; path = ForecastViewModel.swift; sourceTree = "<group>"; };
		B826F4BF1FDEE1B00035F1D1 /* Forecast.swift */ = {isa = PBXFileReference; lastKnownFileType = sourcecode.swift; path = Forecast.swift; sourceTree = "<group>"; };
		B826F4C31FDEE45C0035F1D1 /* weathericons-regular-webfont.ttf */ = {isa = PBXFileReference; lastKnownFileType = file; path = "weathericons-regular-webfont.ttf"; sourceTree = "<group>"; };
		B8D1510E1FEA8F15008D9A1A /* ForecastMessage.swift */ = {isa = PBXFileReference; lastKnownFileType = sourcecode.swift; path = ForecastMessage.swift; sourceTree = "<group>"; };
		BA0898981FCC7154000B6383 /* WardrobeApp.app */ = {isa = PBXFileReference; explicitFileType = wrapper.application; includeInIndex = 0; path = WardrobeApp.app; sourceTree = BUILT_PRODUCTS_DIR; };
		BA08989B1FCC7154000B6383 /* AppDelegate.swift */ = {isa = PBXFileReference; lastKnownFileType = sourcecode.swift; path = AppDelegate.swift; sourceTree = "<group>"; };
		BA0898A01FCC7154000B6383 /* Base */ = {isa = PBXFileReference; lastKnownFileType = file.storyboard; name = Base; path = Base.lproj/Main.storyboard; sourceTree = "<group>"; };
		BA0898A21FCC7154000B6383 /* Assets.xcassets */ = {isa = PBXFileReference; lastKnownFileType = folder.assetcatalog; path = Assets.xcassets; sourceTree = "<group>"; };
		BA0898A51FCC7154000B6383 /* Base */ = {isa = PBXFileReference; lastKnownFileType = file.storyboard; name = Base; path = Base.lproj/LaunchScreen.storyboard; sourceTree = "<group>"; };
		BA0898A71FCC7154000B6383 /* Info.plist */ = {isa = PBXFileReference; lastKnownFileType = text.plist.xml; path = Info.plist; sourceTree = "<group>"; };
		BF310F971FE9B04B00F9B52C /* WDCalendarManager.swift */ = {isa = PBXFileReference; lastKnownFileType = sourcecode.swift; path = WDCalendarManager.swift; sourceTree = "<group>"; };
		BF310F991FE9B2CD00F9B52C /* ProfileViewController.swift */ = {isa = PBXFileReference; lastKnownFileType = sourcecode.swift; path = ProfileViewController.swift; sourceTree = "<group>"; };
		BF310F9C1FE9B4A900F9B52C /* WDTabBarViewController.swift */ = {isa = PBXFileReference; lastKnownFileType = sourcecode.swift; path = WDTabBarViewController.swift; sourceTree = "<group>"; };
		BF661C311FF1AC960081F345 /* WDHelperManager.swift */ = {isa = PBXFileReference; lastKnownFileType = sourcecode.swift; path = WDHelperManager.swift; sourceTree = "<group>"; };
		BF9AE96F1FF2FE7D00E09345 /* CalendarModel.swift */ = {isa = PBXFileReference; lastKnownFileType = sourcecode.swift; path = CalendarModel.swift; sourceTree = "<group>"; };
		BF9AE9751FF312B700E09345 /* wardrobe.appex */ = {isa = PBXFileReference; explicitFileType = "wrapper.app-extension"; includeInIndex = 0; path = wardrobe.appex; sourceTree = BUILT_PRODUCTS_DIR; };
		BF9AE9761FF312B700E09345 /* NotificationCenter.framework */ = {isa = PBXFileReference; lastKnownFileType = wrapper.framework; name = NotificationCenter.framework; path = System/Library/Frameworks/NotificationCenter.framework; sourceTree = SDKROOT; };
		BF9AE9791FF312B700E09345 /* TodayViewController.swift */ = {isa = PBXFileReference; lastKnownFileType = sourcecode.swift; path = TodayViewController.swift; sourceTree = "<group>"; };
		BF9AE97C1FF312B700E09345 /* Base */ = {isa = PBXFileReference; lastKnownFileType = file.storyboard; name = Base; path = Base.lproj/MainInterface.storyboard; sourceTree = "<group>"; };
		BF9AE97E1FF312B700E09345 /* Info.plist */ = {isa = PBXFileReference; lastKnownFileType = text.plist.xml; path = Info.plist; sourceTree = "<group>"; };
		BF9AE98B1FF31DB400E09345 /* wardrobe.entitlements */ = {isa = PBXFileReference; lastKnownFileType = text.plist.entitlements; path = wardrobe.entitlements; sourceTree = "<group>"; };
		BF9AE98C1FF31F7D00E09345 /* WardrobeApp.entitlements */ = {isa = PBXFileReference; lastKnownFileType = text.plist.entitlements; path = WardrobeApp.entitlements; sourceTree = "<group>"; };
		BF9AE98E1FF32EE300E09345 /* UserModel.swift */ = {isa = PBXFileReference; lastKnownFileType = sourcecode.swift; path = UserModel.swift; sourceTree = "<group>"; };
		D3D0D7CE15D0F9AECF10EA85 /* Pods-WardrobeApp.debug.xcconfig */ = {isa = PBXFileReference; includeInIndex = 1; lastKnownFileType = text.xcconfig; name = "Pods-WardrobeApp.debug.xcconfig"; path = "Pods/Target Support Files/Pods-WardrobeApp/Pods-WardrobeApp.debug.xcconfig"; sourceTree = "<group>"; };
/* End PBXFileReference section */

/* Begin PBXFrameworksBuildPhase section */
		BA0898951FCC7154000B6383 /* Frameworks */ = {
			isa = PBXFrameworksBuildPhase;
			buildActionMask = 2147483647;
			files = (
				62A76165CCDD3BB08D70B8FC /* Pods_WardrobeApp.framework in Frameworks */,
			);
			runOnlyForDeploymentPostprocessing = 0;
		};
		BF9AE9721FF312B700E09345 /* Frameworks */ = {
			isa = PBXFrameworksBuildPhase;
			buildActionMask = 2147483647;
			files = (
				BF9AE9771FF312B700E09345 /* NotificationCenter.framework in Frameworks */,
			);
			runOnlyForDeploymentPostprocessing = 0;
		};
/* End PBXFrameworksBuildPhase section */

/* Begin PBXGroup section */
		1CFE53E14BECD628654445AA /* Pods */ = {
			isa = PBXGroup;
			children = (
				D3D0D7CE15D0F9AECF10EA85 /* Pods-WardrobeApp.debug.xcconfig */,
				B786F1580E32F59802B8C231 /* Pods-WardrobeApp.release.xcconfig */,
			);
			name = Pods;
			sourceTree = "<group>";
		};
		1E4BBF6E8D922513A419D0EE /* Frameworks */ = {
			isa = PBXGroup;
			children = (
				09BDD77CDD126082D5A81733 /* Pods_WardrobeApp.framework */,
				BF9AE9761FF312B700E09345 /* NotificationCenter.framework */,
			);
			name = Frameworks;
			sourceTree = "<group>";
		};
		B826F4A11FDEDFE10035F1D1 /* Common */ = {
			isa = PBXGroup;
			children = (
				B826F49B1FDEDF8F0035F1D1 /* Observable.swift */,
				B826F49D1FDEDFAF0035F1D1 /* Error.swift */,
				B826F49F1FDEDFC90035F1D1 /* ForecastDateTime.swift */,
				B8D1510E1FEA8F15008D9A1A /* ForecastMessage.swift */,
			);
			path = Common;
			sourceTree = "<group>";
		};
		B826F4B11FDEE0C00035F1D1 /* Model */ = {
			isa = PBXGroup;
			children = (
				B826F4A71FDEE04C0035F1D1 /* Weather.swift */,
				B826F4A91FDEE0610035F1D1 /* Temperature.swift */,
				B826F4AB1FDEE0790035F1D1 /* TemperatureConverter.swift */,
				B826F4AD1FDEE0980035F1D1 /* WeatherIcons.swift */,
				B826F4AF1FDEE0AF0035F1D1 /* WeatherBuilder.swift */,
				B826F4A21FDEDFFA0035F1D1 /* WeatherViewModel.swift */,
				BF9AE96F1FF2FE7D00E09345 /* CalendarModel.swift */,
				BF9AE98E1FF32EE300E09345 /* UserModel.swift */,
			);
			name = Model;
			path = "New Group";
			sourceTree = "<group>";
		};
		B826F4B81FDEE1210035F1D1 /* Services */ = {
			isa = PBXGroup;
			children = (
				B826F4B21FDEE0E70035F1D1 /* LocationService.swift */,
				B826F4B41FDEE0FD0035F1D1 /* WeatherServiceProtocol.swift */,
				B826F4B61FDEE10F0035F1D1 /* OpenWeatherMapService.swift */,
			);
			path = Services;
			sourceTree = "<group>";
		};
		B826F4C11FDEE1BE0035F1D1 /* Forecast */ = {
			isa = PBXGroup;
			children = (
				B826F4BD1FDEE1970035F1D1 /* ForecastViewModel.swift */,
				B826F4BF1FDEE1B00035F1D1 /* Forecast.swift */,
				B826F4B91FDEE1580035F1D1 /* ForecastView.swift */,
				B826F4BB1FDEE1660035F1D1 /* ForecastView.xib */,
			);
			path = Forecast;
			sourceTree = "<group>";
		};
		B826F4C21FDEE45C0035F1D1 /* Fonts */ = {
			isa = PBXGroup;
			children = (
				B826F4C31FDEE45C0035F1D1 /* weathericons-regular-webfont.ttf */,
			);
			path = Fonts;
			sourceTree = "<group>";
		};
		BA08988F1FCC7154000B6383 = {
			isa = PBXGroup;
			children = (
				BA08989A1FCC7154000B6383 /* WardrobeApp */,
				BF9AE9781FF312B700E09345 /* wardrobe */,
				BA0898991FCC7154000B6383 /* Products */,
				1CFE53E14BECD628654445AA /* Pods */,
				1E4BBF6E8D922513A419D0EE /* Frameworks */,
			);
			sourceTree = "<group>";
		};
		BA0898991FCC7154000B6383 /* Products */ = {
			isa = PBXGroup;
			children = (
				BA0898981FCC7154000B6383 /* WardrobeApp.app */,
				BF9AE9751FF312B700E09345 /* wardrobe.appex */,
			);
			name = Products;
			sourceTree = "<group>";
		};
		BA08989A1FCC7154000B6383 /* WardrobeApp */ = {
			isa = PBXGroup;
			children = (
				BF9AE98C1FF31F7D00E09345 /* WardrobeApp.entitlements */,
				BA08989B1FCC7154000B6383 /* AppDelegate.swift */,
				B826F4C21FDEE45C0035F1D1 /* Fonts */,
				B826F4A11FDEDFE10035F1D1 /* Common */,
				B826F4B11FDEE0C00035F1D1 /* Model */,
				B826F4C11FDEE1BE0035F1D1 /* Forecast */,
				BF310F961FE9B01F00F9B52C /* manager */,
				BF310F9B1FE9B46E00F9B52C /* tabBar */,
				BF310F951FE9B01100F9B52C /* viewController */,
				B826F4B81FDEE1210035F1D1 /* Services */,
				BA08989F1FCC7154000B6383 /* Main.storyboard */,
				BA0898A21FCC7154000B6383 /* Assets.xcassets */,
				BA0898A41FCC7154000B6383 /* LaunchScreen.storyboard */,
				BA0898A71FCC7154000B6383 /* Info.plist */,
			);
			path = WardrobeApp;
			sourceTree = "<group>";
		};
		BF310F951FE9B01100F9B52C /* viewController */ = {
			isa = PBXGroup;
			children = (
				B826F4A41FDEE01B0035F1D1 /* homeViewController.swift */,
				BF310F991FE9B2CD00F9B52C /* ProfileViewController.swift */,
			);
			path = viewController;
			sourceTree = "<group>";
		};
		BF310F961FE9B01F00F9B52C /* manager */ = {
			isa = PBXGroup;
			children = (
				BF310F971FE9B04B00F9B52C /* WDCalendarManager.swift */,
				BF661C311FF1AC960081F345 /* WDHelperManager.swift */,
			);
			path = manager;
			sourceTree = "<group>";
		};
		BF310F9B1FE9B46E00F9B52C /* tabBar */ = {
			isa = PBXGroup;
			children = (
				BF310F9C1FE9B4A900F9B52C /* WDTabBarViewController.swift */,
			);
			path = tabBar;
			sourceTree = "<group>";
		};
		BF9AE9781FF312B700E09345 /* wardrobe */ = {
			isa = PBXGroup;
			children = (
				BF9AE98B1FF31DB400E09345 /* wardrobe.entitlements */,
				BF9AE9791FF312B700E09345 /* TodayViewController.swift */,
				BF9AE97B1FF312B700E09345 /* MainInterface.storyboard */,
				BF9AE97E1FF312B700E09345 /* Info.plist */,
			);
			path = wardrobe;
			sourceTree = "<group>";
		};
/* End PBXGroup section */

/* Begin PBXNativeTarget section */
		BA0898971FCC7154000B6383 /* WardrobeApp */ = {
			isa = PBXNativeTarget;
			buildConfigurationList = BA0898AA1FCC7154000B6383 /* Build configuration list for PBXNativeTarget "WardrobeApp" */;
			buildPhases = (
				A75DDF302737A0B84A99AE31 /* [CP] Check Pods Manifest.lock */,
				BA0898941FCC7154000B6383 /* Sources */,
				BA0898951FCC7154000B6383 /* Frameworks */,
				BA0898961FCC7154000B6383 /* Resources */,
				7EFE4E54BABE498A55FC80A6 /* [CP] Embed Pods Frameworks */,
				4C4D824993295D7C7F936861 /* [CP] Copy Pods Resources */,
				BF9AE9851FF312B700E09345 /* Embed App Extensions */,
			);
			buildRules = (
			);
			dependencies = (
				BF9AE9801FF312B700E09345 /* PBXTargetDependency */,
			);
			name = WardrobeApp;
			productName = WardrobeApp;
			productReference = BA0898981FCC7154000B6383 /* WardrobeApp.app */;
			productType = "com.apple.product-type.application";
		};
		BF9AE9741FF312B700E09345 /* wardrobe */ = {
			isa = PBXNativeTarget;
			buildConfigurationList = BF9AE9821FF312B700E09345 /* Build configuration list for PBXNativeTarget "wardrobe" */;
			buildPhases = (
				BF9AE9711FF312B700E09345 /* Sources */,
				BF9AE9721FF312B700E09345 /* Frameworks */,
				BF9AE9731FF312B700E09345 /* Resources */,
			);
			buildRules = (
			);
			dependencies = (
			);
			name = wardrobe;
			productName = wardrobe;
			productReference = BF9AE9751FF312B700E09345 /* wardrobe.appex */;
			productType = "com.apple.product-type.app-extension";
		};
/* End PBXNativeTarget section */

/* Begin PBXProject section */
		BA0898901FCC7154000B6383 /* Project object */ = {
			isa = PBXProject;
			attributes = {
				LastSwiftUpdateCheck = 0920;
				LastUpgradeCheck = 0900;
				ORGANIZATIONNAME = Relorie;
				TargetAttributes = {
					BA0898971FCC7154000B6383 = {
						CreatedOnToolsVersion = 9.0;
						ProvisioningStyle = Automatic;
						SystemCapabilities = {
							com.apple.ApplicationGroups.iOS = {
								enabled = 1;
							};
						};
					};
					BF9AE9741FF312B700E09345 = {
						CreatedOnToolsVersion = 9.2;
						ProvisioningStyle = Automatic;
						SystemCapabilities = {
							com.apple.ApplicationGroups.iOS = {
								enabled = 1;
							};
						};
					};
				};
			};
			buildConfigurationList = BA0898931FCC7154000B6383 /* Build configuration list for PBXProject "WardrobeApp" */;
			compatibilityVersion = "Xcode 8.0";
			developmentRegion = en;
			hasScannedForEncodings = 0;
			knownRegions = (
				en,
				Base,
			);
			mainGroup = BA08988F1FCC7154000B6383;
			productRefGroup = BA0898991FCC7154000B6383 /* Products */;
			projectDirPath = "";
			projectRoot = "";
			targets = (
				BA0898971FCC7154000B6383 /* WardrobeApp */,
				BF9AE9741FF312B700E09345 /* wardrobe */,
			);
		};
/* End PBXProject section */

/* Begin PBXResourcesBuildPhase section */
		BA0898961FCC7154000B6383 /* Resources */ = {
			isa = PBXResourcesBuildPhase;
			buildActionMask = 2147483647;
			files = (
				BA0898A61FCC7154000B6383 /* LaunchScreen.storyboard in Resources */,
				BA0898A31FCC7154000B6383 /* Assets.xcassets in Resources */,
				BA0898A11FCC7154000B6383 /* Main.storyboard in Resources */,
				B826F4C41FDEE45C0035F1D1 /* weathericons-regular-webfont.ttf in Resources */,
				B826F4BC1FDEE1660035F1D1 /* ForecastView.xib in Resources */,
			);
			runOnlyForDeploymentPostprocessing = 0;
		};
		BF9AE9731FF312B700E09345 /* Resources */ = {
			isa = PBXResourcesBuildPhase;
			buildActionMask = 2147483647;
			files = (
				BF9AE97D1FF312B700E09345 /* MainInterface.storyboard in Resources */,
			);
			runOnlyForDeploymentPostprocessing = 0;
		};
/* End PBXResourcesBuildPhase section */

/* Begin PBXShellScriptBuildPhase section */
		4C4D824993295D7C7F936861 /* [CP] Copy Pods Resources */ = {
			isa = PBXShellScriptBuildPhase;
			buildActionMask = 2147483647;
			files = (
			);
			inputPaths = (
			);
			name = "[CP] Copy Pods Resources";
			outputPaths = (
			);
			runOnlyForDeploymentPostprocessing = 0;
			shellPath = /bin/sh;
			shellScript = "\"${SRCROOT}/Pods/Target Support Files/Pods-WardrobeApp/Pods-WardrobeApp-resources.sh\"\n";
			showEnvVarsInLog = 0;
		};
		7EFE4E54BABE498A55FC80A6 /* [CP] Embed Pods Frameworks */ = {
			isa = PBXShellScriptBuildPhase;
			buildActionMask = 2147483647;
			files = (
			);
			inputPaths = (
				"${SRCROOT}/Pods/Target Support Files/Pods-WardrobeApp/Pods-WardrobeApp-frameworks.sh",
				"${BUILT_PRODUCTS_DIR}/Realm/Realm.framework",
				"${BUILT_PRODUCTS_DIR}/RealmSwift/RealmSwift.framework",
				"${BUILT_PRODUCTS_DIR}/SwiftSpinner/SwiftSpinner.framework",
				"${BUILT_PRODUCTS_DIR}/SwiftyJSON/SwiftyJSON.framework",
			);
			name = "[CP] Embed Pods Frameworks";
			outputPaths = (
				"${TARGET_BUILD_DIR}/${FRAMEWORKS_FOLDER_PATH}/Realm.framework",
				"${TARGET_BUILD_DIR}/${FRAMEWORKS_FOLDER_PATH}/RealmSwift.framework",
				"${TARGET_BUILD_DIR}/${FRAMEWORKS_FOLDER_PATH}/SwiftSpinner.framework",
				"${TARGET_BUILD_DIR}/${FRAMEWORKS_FOLDER_PATH}/SwiftyJSON.framework",
			);
			runOnlyForDeploymentPostprocessing = 0;
			shellPath = /bin/sh;
			shellScript = "\"${SRCROOT}/Pods/Target Support Files/Pods-WardrobeApp/Pods-WardrobeApp-frameworks.sh\"\n";
			showEnvVarsInLog = 0;
		};
		A75DDF302737A0B84A99AE31 /* [CP] Check Pods Manifest.lock */ = {
			isa = PBXShellScriptBuildPhase;
			buildActionMask = 2147483647;
			files = (
			);
			inputPaths = (
				"${PODS_PODFILE_DIR_PATH}/Podfile.lock",
				"${PODS_ROOT}/Manifest.lock",
			);
			name = "[CP] Check Pods Manifest.lock";
			outputPaths = (
				"$(DERIVED_FILE_DIR)/Pods-WardrobeApp-checkManifestLockResult.txt",
			);
			runOnlyForDeploymentPostprocessing = 0;
			shellPath = /bin/sh;
			shellScript = "diff \"${PODS_PODFILE_DIR_PATH}/Podfile.lock\" \"${PODS_ROOT}/Manifest.lock\" > /dev/null\nif [ $? != 0 ] ; then\n    # print error to STDERR\n    echo \"error: The sandbox is not in sync with the Podfile.lock. Run 'pod install' or update your CocoaPods installation.\" >&2\n    exit 1\nfi\n# This output is used by Xcode 'outputs' to avoid re-running this script phase.\necho \"SUCCESS\" > \"${SCRIPT_OUTPUT_FILE_0}\"\n";
			showEnvVarsInLog = 0;
		};
/* End PBXShellScriptBuildPhase section */

/* Begin PBXSourcesBuildPhase section */
		BA0898941FCC7154000B6383 /* Sources */ = {
			isa = PBXSourcesBuildPhase;
			buildActionMask = 2147483647;
			files = (
				B826F4B51FDEE0FD0035F1D1 /* WeatherServiceProtocol.swift in Sources */,
				B826F4A81FDEE04C0035F1D1 /* Weather.swift in Sources */,
				BF661C321FF1AC960081F345 /* WDHelperManager.swift in Sources */,
				B8D1510F1FEA8F15008D9A1A /* ForecastMessage.swift in Sources */,
				B826F49E1FDEDFAF0035F1D1 /* Error.swift in Sources */,
				B826F4AA1FDEE0610035F1D1 /* Temperature.swift in Sources */,
				B826F4C01FDEE1B00035F1D1 /* Forecast.swift in Sources */,
				B826F4BE1FDEE1970035F1D1 /* ForecastViewModel.swift in Sources */,
				B826F4B71FDEE10F0035F1D1 /* OpenWeatherMapService.swift in Sources */,
				B826F4BA1FDEE1580035F1D1 /* ForecastView.swift in Sources */,
				BF9AE98F1FF32EE300E09345 /* UserModel.swift in Sources */,
				B826F4A31FDEDFFA0035F1D1 /* WeatherViewModel.swift in Sources */,
				BF310F9D1FE9B4A900F9B52C /* WDTabBarViewController.swift in Sources */,
				BF310F9A1FE9B2CD00F9B52C /* ProfileViewController.swift in Sources */,
				B826F4AC1FDEE0790035F1D1 /* TemperatureConverter.swift in Sources */,
				B826F4B01FDEE0AF0035F1D1 /* WeatherBuilder.swift in Sources */,
				B826F49C1FDEDF8F0035F1D1 /* Observable.swift in Sources */,
				BF9AE9701FF2FE7D00E09345 /* CalendarModel.swift in Sources */,
				B826F4AE1FDEE0980035F1D1 /* WeatherIcons.swift in Sources */,
				B826F4B31FDEE0E70035F1D1 /* LocationService.swift in Sources */,
				B826F4A51FDEE01B0035F1D1 /* homeViewController.swift in Sources */,
				BA08989C1FCC7154000B6383 /* AppDelegate.swift in Sources */,
				BF310F981FE9B04B00F9B52C /* WDCalendarManager.swift in Sources */,
				B826F4A01FDEDFC90035F1D1 /* ForecastDateTime.swift in Sources */,
			);
			runOnlyForDeploymentPostprocessing = 0;
		};
		BF9AE9711FF312B700E09345 /* Sources */ = {
			isa = PBXSourcesBuildPhase;
			buildActionMask = 2147483647;
			files = (
				BF9AE97A1FF312B700E09345 /* TodayViewController.swift in Sources */,
			);
			runOnlyForDeploymentPostprocessing = 0;
		};
/* End PBXSourcesBuildPhase section */

/* Begin PBXTargetDependency section */
		BF9AE9801FF312B700E09345 /* PBXTargetDependency */ = {
			isa = PBXTargetDependency;
			target = BF9AE9741FF312B700E09345 /* wardrobe */;
			targetProxy = BF9AE97F1FF312B700E09345 /* PBXContainerItemProxy */;
		};
/* End PBXTargetDependency section */

/* Begin PBXVariantGroup section */
		BA08989F1FCC7154000B6383 /* Main.storyboard */ = {
			isa = PBXVariantGroup;
			children = (
				BA0898A01FCC7154000B6383 /* Base */,
			);
			name = Main.storyboard;
			sourceTree = "<group>";
		};
		BA0898A41FCC7154000B6383 /* LaunchScreen.storyboard */ = {
			isa = PBXVariantGroup;
			children = (
				BA0898A51FCC7154000B6383 /* Base */,
			);
			name = LaunchScreen.storyboard;
			sourceTree = "<group>";
		};
		BF9AE97B1FF312B700E09345 /* MainInterface.storyboard */ = {
			isa = PBXVariantGroup;
			children = (
				BF9AE97C1FF312B700E09345 /* Base */,
			);
			name = MainInterface.storyboard;
			sourceTree = "<group>";
		};
/* End PBXVariantGroup section */

/* Begin XCBuildConfiguration section */
		BA0898A81FCC7154000B6383 /* Debug */ = {
			isa = XCBuildConfiguration;
			buildSettings = {
				ALWAYS_SEARCH_USER_PATHS = NO;
				CLANG_ANALYZER_NONNULL = YES;
				CLANG_ANALYZER_NUMBER_OBJECT_CONVERSION = YES_AGGRESSIVE;
				CLANG_CXX_LANGUAGE_STANDARD = "gnu++14";
				CLANG_CXX_LIBRARY = "libc++";
				CLANG_ENABLE_MODULES = YES;
				CLANG_ENABLE_OBJC_ARC = YES;
				CLANG_WARN_BLOCK_CAPTURE_AUTORELEASING = YES;
				CLANG_WARN_BOOL_CONVERSION = YES;
				CLANG_WARN_COMMA = YES;
				CLANG_WARN_CONSTANT_CONVERSION = YES;
				CLANG_WARN_DIRECT_OBJC_ISA_USAGE = YES_ERROR;
				CLANG_WARN_DOCUMENTATION_COMMENTS = YES;
				CLANG_WARN_EMPTY_BODY = YES;
				CLANG_WARN_ENUM_CONVERSION = YES;
				CLANG_WARN_INFINITE_RECURSION = YES;
				CLANG_WARN_INT_CONVERSION = YES;
				CLANG_WARN_NON_LITERAL_NULL_CONVERSION = YES;
				CLANG_WARN_OBJC_LITERAL_CONVERSION = YES;
				CLANG_WARN_OBJC_ROOT_CLASS = YES_ERROR;
				CLANG_WARN_RANGE_LOOP_ANALYSIS = YES;
				CLANG_WARN_STRICT_PROTOTYPES = YES;
				CLANG_WARN_SUSPICIOUS_MOVE = YES;
				CLANG_WARN_UNGUARDED_AVAILABILITY = YES_AGGRESSIVE;
				CLANG_WARN_UNREACHABLE_CODE = YES;
				CLANG_WARN__DUPLICATE_METHOD_MATCH = YES;
				CODE_SIGN_IDENTITY = "iPhone Developer";
				COPY_PHASE_STRIP = NO;
				DEBUG_INFORMATION_FORMAT = dwarf;
				ENABLE_STRICT_OBJC_MSGSEND = YES;
				ENABLE_TESTABILITY = YES;
				GCC_C_LANGUAGE_STANDARD = gnu11;
				GCC_DYNAMIC_NO_PIC = NO;
				GCC_NO_COMMON_BLOCKS = YES;
				GCC_OPTIMIZATION_LEVEL = 0;
				GCC_PREPROCESSOR_DEFINITIONS = (
					"DEBUG=1",
					"$(inherited)",
				);
				GCC_WARN_64_TO_32_BIT_CONVERSION = YES;
				GCC_WARN_ABOUT_RETURN_TYPE = YES_ERROR;
				GCC_WARN_UNDECLARED_SELECTOR = YES;
				GCC_WARN_UNINITIALIZED_AUTOS = YES_AGGRESSIVE;
				GCC_WARN_UNUSED_FUNCTION = YES;
				GCC_WARN_UNUSED_VARIABLE = YES;
				IPHONEOS_DEPLOYMENT_TARGET = 11.0;
				MTL_ENABLE_DEBUG_INFO = YES;
				ONLY_ACTIVE_ARCH = YES;
				SDKROOT = iphoneos;
				SWIFT_ACTIVE_COMPILATION_CONDITIONS = DEBUG;
				SWIFT_OPTIMIZATION_LEVEL = "-Onone";
			};
			name = Debug;
		};
		BA0898A91FCC7154000B6383 /* Release */ = {
			isa = XCBuildConfiguration;
			buildSettings = {
				ALWAYS_SEARCH_USER_PATHS = NO;
				CLANG_ANALYZER_NONNULL = YES;
				CLANG_ANALYZER_NUMBER_OBJECT_CONVERSION = YES_AGGRESSIVE;
				CLANG_CXX_LANGUAGE_STANDARD = "gnu++14";
				CLANG_CXX_LIBRARY = "libc++";
				CLANG_ENABLE_MODULES = YES;
				CLANG_ENABLE_OBJC_ARC = YES;
				CLANG_WARN_BLOCK_CAPTURE_AUTORELEASING = YES;
				CLANG_WARN_BOOL_CONVERSION = YES;
				CLANG_WARN_COMMA = YES;
				CLANG_WARN_CONSTANT_CONVERSION = YES;
				CLANG_WARN_DIRECT_OBJC_ISA_USAGE = YES_ERROR;
				CLANG_WARN_DOCUMENTATION_COMMENTS = YES;
				CLANG_WARN_EMPTY_BODY = YES;
				CLANG_WARN_ENUM_CONVERSION = YES;
				CLANG_WARN_INFINITE_RECURSION = YES;
				CLANG_WARN_INT_CONVERSION = YES;
				CLANG_WARN_NON_LITERAL_NULL_CONVERSION = YES;
				CLANG_WARN_OBJC_LITERAL_CONVERSION = YES;
				CLANG_WARN_OBJC_ROOT_CLASS = YES_ERROR;
				CLANG_WARN_RANGE_LOOP_ANALYSIS = YES;
				CLANG_WARN_STRICT_PROTOTYPES = YES;
				CLANG_WARN_SUSPICIOUS_MOVE = YES;
				CLANG_WARN_UNGUARDED_AVAILABILITY = YES_AGGRESSIVE;
				CLANG_WARN_UNREACHABLE_CODE = YES;
				CLANG_WARN__DUPLICATE_METHOD_MATCH = YES;
				CODE_SIGN_IDENTITY = "iPhone Developer";
				COPY_PHASE_STRIP = NO;
				DEBUG_INFORMATION_FORMAT = "dwarf-with-dsym";
				ENABLE_NS_ASSERTIONS = NO;
				ENABLE_STRICT_OBJC_MSGSEND = YES;
				GCC_C_LANGUAGE_STANDARD = gnu11;
				GCC_NO_COMMON_BLOCKS = YES;
				GCC_WARN_64_TO_32_BIT_CONVERSION = YES;
				GCC_WARN_ABOUT_RETURN_TYPE = YES_ERROR;
				GCC_WARN_UNDECLARED_SELECTOR = YES;
				GCC_WARN_UNINITIALIZED_AUTOS = YES_AGGRESSIVE;
				GCC_WARN_UNUSED_FUNCTION = YES;
				GCC_WARN_UNUSED_VARIABLE = YES;
				IPHONEOS_DEPLOYMENT_TARGET = 11.0;
				MTL_ENABLE_DEBUG_INFO = NO;
				SDKROOT = iphoneos;
				SWIFT_OPTIMIZATION_LEVEL = "-Owholemodule";
				VALIDATE_PRODUCT = YES;
			};
			name = Release;
		};
		BA0898AB1FCC7154000B6383 /* Debug */ = {
			isa = XCBuildConfiguration;
			baseConfigurationReference = D3D0D7CE15D0F9AECF10EA85 /* Pods-WardrobeApp.debug.xcconfig */;
			buildSettings = {
				ALWAYS_EMBED_SWIFT_STANDARD_LIBRARIES = YES;
				ASSETCATALOG_COMPILER_APPICON_NAME = AppIcon;
				CODE_SIGN_ENTITLEMENTS = WardrobeApp/WardrobeApp.entitlements;
				CODE_SIGN_STYLE = Automatic;
				DEVELOPMENT_TEAM = 2JZ5ZGJWC8;
				INFOPLIST_FILE = WardrobeApp/Info.plist;
				LD_RUNPATH_SEARCH_PATHS = "$(inherited) @executable_path/Frameworks";
				PRODUCT_BUNDLE_IDENTIFIER = com.eleks.WardrobeApp;
				PRODUCT_NAME = "$(TARGET_NAME)";
				SWIFT_VERSION = 4.0;
				TARGETED_DEVICE_FAMILY = 1;
			};
			name = Debug;
		};
		BA0898AC1FCC7154000B6383 /* Release */ = {
			isa = XCBuildConfiguration;
			baseConfigurationReference = B786F1580E32F59802B8C231 /* Pods-WardrobeApp.release.xcconfig */;
			buildSettings = {
				ALWAYS_EMBED_SWIFT_STANDARD_LIBRARIES = YES;
				ASSETCATALOG_COMPILER_APPICON_NAME = AppIcon;
				CODE_SIGN_ENTITLEMENTS = WardrobeApp/WardrobeApp.entitlements;
				CODE_SIGN_STYLE = Automatic;
				DEVELOPMENT_TEAM = 2JZ5ZGJWC8;
				INFOPLIST_FILE = WardrobeApp/Info.plist;
				LD_RUNPATH_SEARCH_PATHS = "$(inherited) @executable_path/Frameworks";
				PRODUCT_BUNDLE_IDENTIFIER = com.eleks.WardrobeApp;
				PRODUCT_NAME = "$(TARGET_NAME)";
				SWIFT_VERSION = 4.0;
				TARGETED_DEVICE_FAMILY = 1;
			};
			name = Release;
		};
		BF9AE9831FF312B700E09345 /* Debug */ = {
			isa = XCBuildConfiguration;
			buildSettings = {
				CODE_SIGN_ENTITLEMENTS = wardrobe/wardrobe.entitlements;
				CODE_SIGN_STYLE = Automatic;
				DEVELOPMENT_TEAM = 2JZ5ZGJWC8;
				INFOPLIST_FILE = wardrobe/Info.plist;
				IPHONEOS_DEPLOYMENT_TARGET = 11.2;
				LD_RUNPATH_SEARCH_PATHS = "$(inherited) @executable_path/Frameworks @executable_path/../../Frameworks";
				PRODUCT_BUNDLE_IDENTIFIER = com.eleks.WardrobeApp.Widget;
				PRODUCT_NAME = "$(TARGET_NAME)";
				SKIP_INSTALL = YES;
				SWIFT_VERSION = 4.0;
				TARGETED_DEVICE_FAMILY = "1,2";
			};
			name = Debug;
		};
		BF9AE9841FF312B700E09345 /* Release */ = {
			isa = XCBuildConfiguration;
			buildSettings = {
				CODE_SIGN_ENTITLEMENTS = wardrobe/wardrobe.entitlements;
				CODE_SIGN_STYLE = Automatic;
				DEVELOPMENT_TEAM = 2JZ5ZGJWC8;
				INFOPLIST_FILE = wardrobe/Info.plist;
				IPHONEOS_DEPLOYMENT_TARGET = 11.2;
				LD_RUNPATH_SEARCH_PATHS = "$(inherited) @executable_path/Frameworks @executable_path/../../Frameworks";
				PRODUCT_BUNDLE_IDENTIFIER = com.eleks.WardrobeApp.Widget;
				PRODUCT_NAME = "$(TARGET_NAME)";
				SKIP_INSTALL = YES;
				SWIFT_VERSION = 4.0;
				TARGETED_DEVICE_FAMILY = "1,2";
			};
			name = Release;
		};
/* End XCBuildConfiguration section */

/* Begin XCConfigurationList section */
		BA0898931FCC7154000B6383 /* Build configuration list for PBXProject "WardrobeApp" */ = {
			isa = XCConfigurationList;
			buildConfigurations = (
				BA0898A81FCC7154000B6383 /* Debug */,
				BA0898A91FCC7154000B6383 /* Release */,
			);
			defaultConfigurationIsVisible = 0;
			defaultConfigurationName = Release;
		};
		BA0898AA1FCC7154000B6383 /* Build configuration list for PBXNativeTarget "WardrobeApp" */ = {
			isa = XCConfigurationList;
			buildConfigurations = (
				BA0898AB1FCC7154000B6383 /* Debug */,
				BA0898AC1FCC7154000B6383 /* Release */,
			);
			defaultConfigurationIsVisible = 0;
			defaultConfigurationName = Release;
		};
		BF9AE9821FF312B700E09345 /* Build configuration list for PBXNativeTarget "wardrobe" */ = {
			isa = XCConfigurationList;
			buildConfigurations = (
				BF9AE9831FF312B700E09345 /* Debug */,
				BF9AE9841FF312B700E09345 /* Release */,
			);
			defaultConfigurationIsVisible = 0;
			defaultConfigurationName = Release;
		};
/* End XCConfigurationList section */
	};
	rootObject = BA0898901FCC7154000B6383 /* Project object */;
}
